// !$*UTF8*$!
{
	archiveVersion = 1;
	classes = {
	};
	objectVersion = 56;
	objects = {

/* Begin PBXBuildFile section */
		1E7B09A42A59FE270082A6D0 /* MovieList.swift in Sources */ = {isa = PBXBuildFile; fileRef = 1E7B09A32A59FE270082A6D0 /* MovieList.swift */; };
		1E99E6092A65BBD700AAE9EF /* View+extensions.swift in Sources */ = {isa = PBXBuildFile; fileRef = 1E99E6082A65BBD700AAE9EF /* View+extensions.swift */; };
		1ECA77E52A48914C00672386 /* MovieListSwiftUIApp.swift in Sources */ = {isa = PBXBuildFile; fileRef = 1ECA77E42A48914C00672386 /* MovieListSwiftUIApp.swift */; };
		1ECA77E72A48914C00672386 /* MovieListView.swift in Sources */ = {isa = PBXBuildFile; fileRef = 1ECA77E62A48914C00672386 /* MovieListView.swift */; };
		1ECA77E92A48914D00672386 /* Assets.xcassets in Resources */ = {isa = PBXBuildFile; fileRef = 1ECA77E82A48914D00672386 /* Assets.xcassets */; };
		1ECA77EC2A48914D00672386 /* Preview Assets.xcassets in Resources */ = {isa = PBXBuildFile; fileRef = 1ECA77EB2A48914D00672386 /* Preview Assets.xcassets */; };
		1ECA77F42A48926000672386 /* MovieListViewModel.swift in Sources */ = {isa = PBXBuildFile; fileRef = 1ECA77F32A48926000672386 /* MovieListViewModel.swift */; };
		1ECA77F62A48927A00672386 /* MovieListCell.swift in Sources */ = {isa = PBXBuildFile; fileRef = 1ECA77F52A48927A00672386 /* MovieListCell.swift */; };
		1ECA77F92A4896C900672386 /* NetworkManager.swift in Sources */ = {isa = PBXBuildFile; fileRef = 1ECA77F82A4896C900672386 /* NetworkManager.swift */; };
		1ECA77FB2A4896EF00672386 /* MovieListModel.swift in Sources */ = {isa = PBXBuildFile; fileRef = 1ECA77FA2A4896EF00672386 /* MovieListModel.swift */; };
		1ECA77FE2A48B53500672386 /* JSONDecoder+extensions.swift in Sources */ = {isa = PBXBuildFile; fileRef = 1ECA77FD2A48B53500672386 /* JSONDecoder+extensions.swift */; };
		1ECA78002A48B6F100672386 /* Utils.swift in Sources */ = {isa = PBXBuildFile; fileRef = 1ECA77FF2A48B6F100672386 /* Utils.swift */; };
		1ECA780D2A4A397A00672386 /* Date+extensions.swift in Sources */ = {isa = PBXBuildFile; fileRef = 1ECA780C2A4A397A00672386 /* Date+extensions.swift */; };
		1ECA78112A4CB68100672386 /* MovieDetailModel.swift in Sources */ = {isa = PBXBuildFile; fileRef = 1ECA78102A4CB68100672386 /* MovieDetailModel.swift */; };
		1ECA78162A4CB6E300672386 /* MovieDetailView.swift in Sources */ = {isa = PBXBuildFile; fileRef = 1ECA78152A4CB6E300672386 /* MovieDetailView.swift */; };
		1ECA78192A4CB76F00672386 /* MovieDetailViewModel.swift in Sources */ = {isa = PBXBuildFile; fileRef = 1ECA78182A4CB76F00672386 /* MovieDetailViewModel.swift */; };
		1EF05C562A51FF7C00D582B8 /* Double+extensions.swift in Sources */ = {isa = PBXBuildFile; fileRef = 1EF05C552A51FF7C00D582B8 /* Double+extensions.swift */; };
/* End PBXBuildFile section */

/* Begin PBXFileReference section */
		1E7B09A32A59FE270082A6D0 /* MovieList.swift */ = {isa = PBXFileReference; lastKnownFileType = sourcecode.swift; path = MovieList.swift; sourceTree = "<group>"; };
		1E99E6082A65BBD700AAE9EF /* View+extensions.swift */ = {isa = PBXFileReference; lastKnownFileType = sourcecode.swift; path = "View+extensions.swift"; sourceTree = "<group>"; };
		1ECA77E12A48914C00672386 /* MovieListSwiftUI.app */ = {isa = PBXFileReference; explicitFileType = wrapper.application; includeInIndex = 0; path = MovieListSwiftUI.app; sourceTree = BUILT_PRODUCTS_DIR; };
		1ECA77E42A48914C00672386 /* MovieListSwiftUIApp.swift */ = {isa = PBXFileReference; lastKnownFileType = sourcecode.swift; path = MovieListSwiftUIApp.swift; sourceTree = "<group>"; };
		1ECA77E62A48914C00672386 /* MovieListView.swift */ = {isa = PBXFileReference; lastKnownFileType = sourcecode.swift; path = MovieListView.swift; sourceTree = "<group>"; };
		1ECA77E82A48914D00672386 /* Assets.xcassets */ = {isa = PBXFileReference; lastKnownFileType = folder.assetcatalog; path = Assets.xcassets; sourceTree = "<group>"; };
		1ECA77EB2A48914D00672386 /* Preview Assets.xcassets */ = {isa = PBXFileReference; lastKnownFileType = folder.assetcatalog; path = "Preview Assets.xcassets"; sourceTree = "<group>"; };
		1ECA77F32A48926000672386 /* MovieListViewModel.swift */ = {isa = PBXFileReference; lastKnownFileType = sourcecode.swift; path = MovieListViewModel.swift; sourceTree = "<group>"; };
		1ECA77F52A48927A00672386 /* MovieListCell.swift */ = {isa = PBXFileReference; lastKnownFileType = sourcecode.swift; path = MovieListCell.swift; sourceTree = "<group>"; };
		1ECA77F82A4896C900672386 /* NetworkManager.swift */ = {isa = PBXFileReference; lastKnownFileType = sourcecode.swift; path = NetworkManager.swift; sourceTree = "<group>"; };
		1ECA77FA2A4896EF00672386 /* MovieListModel.swift */ = {isa = PBXFileReference; lastKnownFileType = sourcecode.swift; path = MovieListModel.swift; sourceTree = "<group>"; };
		1ECA77FD2A48B53500672386 /* JSONDecoder+extensions.swift */ = {isa = PBXFileReference; lastKnownFileType = sourcecode.swift; path = "JSONDecoder+extensions.swift"; sourceTree = "<group>"; };
		1ECA77FF2A48B6F100672386 /* Utils.swift */ = {isa = PBXFileReference; lastKnownFileType = sourcecode.swift; path = Utils.swift; sourceTree = "<group>"; };
		1ECA780C2A4A397A00672386 /* Date+extensions.swift */ = {isa = PBXFileReference; lastKnownFileType = sourcecode.swift; path = "Date+extensions.swift"; sourceTree = "<group>"; };
		1ECA78102A4CB68100672386 /* MovieDetailModel.swift */ = {isa = PBXFileReference; lastKnownFileType = sourcecode.swift; path = MovieDetailModel.swift; sourceTree = "<group>"; };
		1ECA78152A4CB6E300672386 /* MovieDetailView.swift */ = {isa = PBXFileReference; lastKnownFileType = sourcecode.swift; path = MovieDetailView.swift; sourceTree = "<group>"; };
		1ECA78182A4CB76F00672386 /* MovieDetailViewModel.swift */ = {isa = PBXFileReference; lastKnownFileType = sourcecode.swift; path = MovieDetailViewModel.swift; sourceTree = "<group>"; };
		1EF05C552A51FF7C00D582B8 /* Double+extensions.swift */ = {isa = PBXFileReference; lastKnownFileType = sourcecode.swift; path = "Double+extensions.swift"; sourceTree = "<group>"; };
/* End PBXFileReference section */

/* Begin PBXFrameworksBuildPhase section */
		1ECA77DE2A48914C00672386 /* Frameworks */ = {
			isa = PBXFrameworksBuildPhase;
			buildActionMask = 2147483647;
			files = (
			);
			runOnlyForDeploymentPostprocessing = 0;
		};
/* End PBXFrameworksBuildPhase section */

/* Begin PBXGroup section */
		1ECA77D82A48914C00672386 = {
			isa = PBXGroup;
			children = (
				1ECA77E32A48914C00672386 /* MovieListSwiftUI */,
				1ECA77E22A48914C00672386 /* Products */,
			);
			sourceTree = "<group>";
		};
		1ECA77E22A48914C00672386 /* Products */ = {
			isa = PBXGroup;
			children = (
				1ECA77E12A48914C00672386 /* MovieListSwiftUI.app */,
			);
			name = Products;
			sourceTree = "<group>";
		};
		1ECA77E32A48914C00672386 /* MovieListSwiftUI */ = {
			isa = PBXGroup;
			children = (
				1ECA77E42A48914C00672386 /* MovieListSwiftUIApp.swift */,
				1ECA78012A48B6F600672386 /* Utils */,
				1ECA77FC2A48B51E00672386 /* Extensions */,
				1ECA77F72A48928500672386 /* Network */,
				1ECA78092A4A2CDC00672386 /* CustomViews */,
				1ECA77F22A48924400672386 /* MovieList */,
				1ECA780E2A4CB61A00672386 /* MovieDetail */,
				1ECA77E82A48914D00672386 /* Assets.xcassets */,
				1ECA77EA2A48914D00672386 /* Preview Content */,
			);
			path = MovieListSwiftUI;
			sourceTree = "<group>";
		};
		1ECA77EA2A48914D00672386 /* Preview Content */ = {
			isa = PBXGroup;
			children = (
				1ECA77EB2A48914D00672386 /* Preview Assets.xcassets */,
			);
			path = "Preview Content";
			sourceTree = "<group>";
		};
		1ECA77F22A48924400672386 /* MovieList */ = {
			isa = PBXGroup;
			children = (
				1ECA78072A49F84500672386 /* Models */,
				1ECA78082A49F85F00672386 /* ViewModel */,
				1ECA78062A49F83500672386 /* Views */,
				1ECA78052A49F82A00672386 /* Cells */,
			);
			path = MovieList;
			sourceTree = "<group>";
		};
		1ECA77F72A48928500672386 /* Network */ = {
			isa = PBXGroup;
			children = (
				1ECA77F82A4896C900672386 /* NetworkManager.swift */,
			);
			path = Network;
			sourceTree = "<group>";
		};
		1ECA77FC2A48B51E00672386 /* Extensions */ = {
			isa = PBXGroup;
			children = (
				1ECA77FD2A48B53500672386 /* JSONDecoder+extensions.swift */,
				1ECA780C2A4A397A00672386 /* Date+extensions.swift */,
				1EF05C552A51FF7C00D582B8 /* Double+extensions.swift */,
				1E99E6082A65BBD700AAE9EF /* View+extensions.swift */,
			);
			path = Extensions;
			sourceTree = "<group>";
		};
		1ECA78012A48B6F600672386 /* Utils */ = {
			isa = PBXGroup;
			children = (
				1ECA77FF2A48B6F100672386 /* Utils.swift */,
			);
			path = Utils;
			sourceTree = "<group>";
		};
		1ECA78052A49F82A00672386 /* Cells */ = {
			isa = PBXGroup;
			children = (
				1ECA77F52A48927A00672386 /* MovieListCell.swift */,
			);
			path = Cells;
			sourceTree = "<group>";
		};
		1ECA78062A49F83500672386 /* Views */ = {
			isa = PBXGroup;
			children = (
				1ECA77E62A48914C00672386 /* MovieListView.swift */,
				1E7B09A32A59FE270082A6D0 /* MovieList.swift */,
			);
			path = Views;
			sourceTree = "<group>";
		};
		1ECA78072A49F84500672386 /* Models */ = {
			isa = PBXGroup;
			children = (
				1ECA77FA2A4896EF00672386 /* MovieListModel.swift */,
			);
			path = Models;
			sourceTree = "<group>";
		};
		1ECA78082A49F85F00672386 /* ViewModel */ = {
			isa = PBXGroup;
			children = (
				1ECA77F32A48926000672386 /* MovieListViewModel.swift */,
			);
			path = ViewModel;
			sourceTree = "<group>";
		};
		1ECA78092A4A2CDC00672386 /* CustomViews */ = {
			isa = PBXGroup;
			children = (
			);
			path = CustomViews;
			sourceTree = "<group>";
		};
		1ECA780E2A4CB61A00672386 /* MovieDetail */ = {
			isa = PBXGroup;
			children = (
				1ECA78172A4CB6F600672386 /* ViewModel */,
				1ECA78142A4CB6CC00672386 /* Views */,
				1ECA780F2A4CB66B00672386 /* Models */,
			);
			path = MovieDetail;
			sourceTree = "<group>";
		};
		1ECA780F2A4CB66B00672386 /* Models */ = {
			isa = PBXGroup;
			children = (
				1ECA78102A4CB68100672386 /* MovieDetailModel.swift */,
			);
			path = Models;
			sourceTree = "<group>";
		};
		1ECA78142A4CB6CC00672386 /* Views */ = {
			isa = PBXGroup;
			children = (
				1ECA78152A4CB6E300672386 /* MovieDetailView.swift */,
			);
			path = Views;
			sourceTree = "<group>";
		};
		1ECA78172A4CB6F600672386 /* ViewModel */ = {
			isa = PBXGroup;
			children = (
				1ECA78182A4CB76F00672386 /* MovieDetailViewModel.swift */,
			);
			path = ViewModel;
			sourceTree = "<group>";
		};
/* End PBXGroup section */

/* Begin PBXNativeTarget section */
		1ECA77E02A48914C00672386 /* MovieListSwiftUI */ = {
			isa = PBXNativeTarget;
			buildConfigurationList = 1ECA77EF2A48914D00672386 /* Build configuration list for PBXNativeTarget "MovieListSwiftUI" */;
			buildPhases = (
				1ECA77DD2A48914C00672386 /* Sources */,
				1ECA77DE2A48914C00672386 /* Frameworks */,
				1ECA77DF2A48914C00672386 /* Resources */,
			);
			buildRules = (
			);
			dependencies = (
			);
			name = MovieListSwiftUI;
			productName = MovieListSwiftUI;
			productReference = 1ECA77E12A48914C00672386 /* MovieListSwiftUI.app */;
			productType = "com.apple.product-type.application";
		};
/* End PBXNativeTarget section */

/* Begin PBXProject section */
		1ECA77D92A48914C00672386 /* Project object */ = {
			isa = PBXProject;
			attributes = {
				BuildIndependentTargetsInParallel = 1;
				LastSwiftUpdateCheck = 1430;
				LastUpgradeCheck = 1430;
				TargetAttributes = {
					1ECA77E02A48914C00672386 = {
						CreatedOnToolsVersion = 14.3.1;
					};
				};
			};
			buildConfigurationList = 1ECA77DC2A48914C00672386 /* Build configuration list for PBXProject "MovieListSwiftUI" */;
			compatibilityVersion = "Xcode 14.0";
			developmentRegion = en;
			hasScannedForEncodings = 0;
			knownRegions = (
				en,
				Base,
			);
			mainGroup = 1ECA77D82A48914C00672386;
			productRefGroup = 1ECA77E22A48914C00672386 /* Products */;
			projectDirPath = "";
			projectRoot = "";
			targets = (
				1ECA77E02A48914C00672386 /* MovieListSwiftUI */,
			);
		};
/* End PBXProject section */

/* Begin PBXResourcesBuildPhase section */
		1ECA77DF2A48914C00672386 /* Resources */ = {
			isa = PBXResourcesBuildPhase;
			buildActionMask = 2147483647;
			files = (
				1ECA77EC2A48914D00672386 /* Preview Assets.xcassets in Resources */,
				1ECA77E92A48914D00672386 /* Assets.xcassets in Resources */,
			);
			runOnlyForDeploymentPostprocessing = 0;
		};
/* End PBXResourcesBuildPhase section */

/* Begin PBXSourcesBuildPhase section */
		1ECA77DD2A48914C00672386 /* Sources */ = {
			isa = PBXSourcesBuildPhase;
			buildActionMask = 2147483647;
			files = (
				1ECA77FE2A48B53500672386 /* JSONDecoder+extensions.swift in Sources */,
				1EF05C562A51FF7C00D582B8 /* Double+extensions.swift in Sources */,
				1ECA77FB2A4896EF00672386 /* MovieListModel.swift in Sources */,
				1ECA77E72A48914C00672386 /* MovieListView.swift in Sources */,
				1E99E6092A65BBD700AAE9EF /* View+extensions.swift in Sources */,
				1ECA780D2A4A397A00672386 /* Date+extensions.swift in Sources */,
				1ECA77F62A48927A00672386 /* MovieListCell.swift in Sources */,
				1E7B09A42A59FE270082A6D0 /* MovieList.swift in Sources */,
				1ECA77F92A4896C900672386 /* NetworkManager.swift in Sources */,
				1ECA77E52A48914C00672386 /* MovieListSwiftUIApp.swift in Sources */,
				1ECA77F42A48926000672386 /* MovieListViewModel.swift in Sources */,
				1ECA78192A4CB76F00672386 /* MovieDetailViewModel.swift in Sources */,
				1ECA78002A48B6F100672386 /* Utils.swift in Sources */,
				1ECA78112A4CB68100672386 /* MovieDetailModel.swift in Sources */,
				1ECA78162A4CB6E300672386 /* MovieDetailView.swift in Sources */,
			);
			runOnlyForDeploymentPostprocessing = 0;
		};
/* End PBXSourcesBuildPhase section */

/* Begin XCBuildConfiguration section */
		1ECA77ED2A48914D00672386 /* Debug */ = {
			isa = XCBuildConfiguration;
			buildSettings = {
				ALWAYS_SEARCH_USER_PATHS = NO;
				CLANG_ANALYZER_NONNULL = YES;
				CLANG_ANALYZER_NUMBER_OBJECT_CONVERSION = YES_AGGRESSIVE;
				CLANG_CXX_LANGUAGE_STANDARD = "gnu++20";
				CLANG_ENABLE_MODULES = YES;
				CLANG_ENABLE_OBJC_ARC = YES;
				CLANG_ENABLE_OBJC_WEAK = YES;
				CLANG_WARN_BLOCK_CAPTURE_AUTORELEASING = YES;
				CLANG_WARN_BOOL_CONVERSION = YES;
				CLANG_WARN_COMMA = YES;
				CLANG_WARN_CONSTANT_CONVERSION = YES;
				CLANG_WARN_DEPRECATED_OBJC_IMPLEMENTATIONS = YES;
				CLANG_WARN_DIRECT_OBJC_ISA_USAGE = YES_ERROR;
				CLANG_WARN_DOCUMENTATION_COMMENTS = YES;
				CLANG_WARN_EMPTY_BODY = YES;
				CLANG_WARN_ENUM_CONVERSION = YES;
				CLANG_WARN_INFINITE_RECURSION = YES;
				CLANG_WARN_INT_CONVERSION = YES;
				CLANG_WARN_NON_LITERAL_NULL_CONVERSION = YES;
				CLANG_WARN_OBJC_IMPLICIT_RETAIN_SELF = YES;
				CLANG_WARN_OBJC_LITERAL_CONVERSION = YES;
				CLANG_WARN_OBJC_ROOT_CLASS = YES_ERROR;
				CLANG_WARN_QUOTED_INCLUDE_IN_FRAMEWORK_HEADER = YES;
				CLANG_WARN_RANGE_LOOP_ANALYSIS = YES;
				CLANG_WARN_STRICT_PROTOTYPES = YES;
				CLANG_WARN_SUSPICIOUS_MOVE = YES;
				CLANG_WARN_UNGUARDED_AVAILABILITY = YES_AGGRESSIVE;
				CLANG_WARN_UNREACHABLE_CODE = YES;
				CLANG_WARN__DUPLICATE_METHOD_MATCH = YES;
				COPY_PHASE_STRIP = NO;
				DEBUG_INFORMATION_FORMAT = dwarf;
				ENABLE_STRICT_OBJC_MSGSEND = YES;
				ENABLE_TESTABILITY = YES;
				GCC_C_LANGUAGE_STANDARD = gnu11;
				GCC_DYNAMIC_NO_PIC = NO;
				GCC_NO_COMMON_BLOCKS = YES;
				GCC_OPTIMIZATION_LEVEL = 0;
				GCC_PREPROCESSOR_DEFINITIONS = (
					"DEBUG=1",
					"$(inherited)",
				);
				GCC_WARN_64_TO_32_BIT_CONVERSION = YES;
				GCC_WARN_ABOUT_RETURN_TYPE = YES_ERROR;
				GCC_WARN_UNDECLARED_SELECTOR = YES;
				GCC_WARN_UNINITIALIZED_AUTOS = YES_AGGRESSIVE;
				GCC_WARN_UNUSED_FUNCTION = YES;
				GCC_WARN_UNUSED_VARIABLE = YES;
				IPHONEOS_DEPLOYMENT_TARGET = 16.0;
				MTL_ENABLE_DEBUG_INFO = INCLUDE_SOURCE;
				MTL_FAST_MATH = YES;
				ONLY_ACTIVE_ARCH = YES;
				SDKROOT = iphoneos;
				SWIFT_ACTIVE_COMPILATION_CONDITIONS = DEBUG;
				SWIFT_OPTIMIZATION_LEVEL = "-Onone";
			};
			name = Debug;
		};
		1ECA77EE2A48914D00672386 /* Release */ = {
			isa = XCBuildConfiguration;
			buildSettings = {
				ALWAYS_SEARCH_USER_PATHS = NO;
				CLANG_ANALYZER_NONNULL = YES;
				CLANG_ANALYZER_NUMBER_OBJECT_CONVERSION = YES_AGGRESSIVE;
				CLANG_CXX_LANGUAGE_STANDARD = "gnu++20";
				CLANG_ENABLE_MODULES = YES;
				CLANG_ENABLE_OBJC_ARC = YES;
				CLANG_ENABLE_OBJC_WEAK = YES;
				CLANG_WARN_BLOCK_CAPTURE_AUTORELEASING = YES;
				CLANG_WARN_BOOL_CONVERSION = YES;
				CLANG_WARN_COMMA = YES;
				CLANG_WARN_CONSTANT_CONVERSION = YES;
				CLANG_WARN_DEPRECATED_OBJC_IMPLEMENTATIONS = YES;
				CLANG_WARN_DIRECT_OBJC_ISA_USAGE = YES_ERROR;
				CLANG_WARN_DOCUMENTATION_COMMENTS = YES;
				CLANG_WARN_EMPTY_BODY = YES;
				CLANG_WARN_ENUM_CONVERSION = YES;
				CLANG_WARN_INFINITE_RECURSION = YES;
				CLANG_WARN_INT_CONVERSION = YES;
				CLANG_WARN_NON_LITERAL_NULL_CONVERSION = YES;
				CLANG_WARN_OBJC_IMPLICIT_RETAIN_SELF = YES;
				CLANG_WARN_OBJC_LITERAL_CONVERSION = YES;
				CLANG_WARN_OBJC_ROOT_CLASS = YES_ERROR;
				CLANG_WARN_QUOTED_INCLUDE_IN_FRAMEWORK_HEADER = YES;
				CLANG_WARN_RANGE_LOOP_ANALYSIS = YES;
				CLANG_WARN_STRICT_PROTOTYPES = YES;
				CLANG_WARN_SUSPICIOUS_MOVE = YES;
				CLANG_WARN_UNGUARDED_AVAILABILITY = YES_AGGRESSIVE;
				CLANG_WARN_UNREACHABLE_CODE = YES;
				CLANG_WARN__DUPLICATE_METHOD_MATCH = YES;
				COPY_PHASE_STRIP = NO;
				DEBUG_INFORMATION_FORMAT = "dwarf-with-dsym";
				ENABLE_NS_ASSERTIONS = NO;
				ENABLE_STRICT_OBJC_MSGSEND = YES;
				GCC_C_LANGUAGE_STANDARD = gnu11;
				GCC_NO_COMMON_BLOCKS = YES;
				GCC_WARN_64_TO_32_BIT_CONVERSION = YES;
				GCC_WARN_ABOUT_RETURN_TYPE = YES_ERROR;
				GCC_WARN_UNDECLARED_SELECTOR = YES;
				GCC_WARN_UNINITIALIZED_AUTOS = YES_AGGRESSIVE;
				GCC_WARN_UNUSED_FUNCTION = YES;
				GCC_WARN_UNUSED_VARIABLE = YES;
				IPHONEOS_DEPLOYMENT_TARGET = 16.0;
				MTL_ENABLE_DEBUG_INFO = NO;
				MTL_FAST_MATH = YES;
				SDKROOT = iphoneos;
				SWIFT_COMPILATION_MODE = wholemodule;
				SWIFT_OPTIMIZATION_LEVEL = "-O";
				VALIDATE_PRODUCT = YES;
			};
			name = Release;
		};
		1ECA77F02A48914D00672386 /* Debug */ = {
			isa = XCBuildConfiguration;
			buildSettings = {
				ASSETCATALOG_COMPILER_APPICON_NAME = AppIcon;
				ASSETCATALOG_COMPILER_GLOBAL_ACCENT_COLOR_NAME = AccentColor;
				CODE_SIGN_STYLE = Automatic;
				CURRENT_PROJECT_VERSION = 1;
				DEVELOPMENT_ASSET_PATHS = "\"MovieListSwiftUI/Preview Content\"";
				DEVELOPMENT_TEAM = S9676DF7C4;
				ENABLE_PREVIEWS = YES;
				GENERATE_INFOPLIST_FILE = YES;
				INFOPLIST_KEY_UIApplicationSceneManifest_Generation = YES;
				INFOPLIST_KEY_UIApplicationSupportsIndirectInputEvents = YES;
				INFOPLIST_KEY_UILaunchScreen_Generation = YES;
				INFOPLIST_KEY_UISupportedInterfaceOrientations_iPad = "UIInterfaceOrientationPortrait UIInterfaceOrientationPortraitUpsideDown UIInterfaceOrientationLandscapeLeft UIInterfaceOrientationLandscapeRight";
				INFOPLIST_KEY_UISupportedInterfaceOrientations_iPhone = "UIInterfaceOrientationPortrait UIInterfaceOrientationLandscapeLeft UIInterfaceOrientationLandscapeRight";
				IPHONEOS_DEPLOYMENT_TARGET = 16.0;
				LD_RUNPATH_SEARCH_PATHS = (
					"$(inherited)",
					"@executable_path/Frameworks",
				);
				MARKETING_VERSION = 1.0;
				PRODUCT_BUNDLE_IDENTIFIER = com.aSoft.MovieListSwiftUI;
				PRODUCT_NAME = "$(TARGET_NAME)";
				SWIFT_EMIT_LOC_STRINGS = YES;
				SWIFT_VERSION = 5.0;
				TARGETED_DEVICE_FAMILY = "1,2";
			};
			name = Debug;
		};
		1ECA77F12A48914D00672386 /* Release */ = {
			isa = XCBuildConfiguration;
			buildSettings = {
				ASSETCATALOG_COMPILER_APPICON_NAME = AppIcon;
				ASSETCATALOG_COMPILER_GLOBAL_ACCENT_COLOR_NAME = AccentColor;
				CODE_SIGN_STYLE = Automatic;
				CURRENT_PROJECT_VERSION = 1;
				DEVELOPMENT_ASSET_PATHS = "\"MovieListSwiftUI/Preview Content\"";
				DEVELOPMENT_TEAM = S9676DF7C4;
				ENABLE_PREVIEWS = YES;
				GENERATE_INFOPLIST_FILE = YES;
				INFOPLIST_KEY_UIApplicationSceneManifest_Generation = YES;
				INFOPLIST_KEY_UIApplicationSupportsIndirectInputEvents = YES;
				INFOPLIST_KEY_UILaunchScreen_Generation = YES;
				INFOPLIST_KEY_UISupportedInterfaceOrientations_iPad = "UIInterfaceOrientationPortrait UIInterfaceOrientationPortraitUpsideDown UIInterfaceOrientationLandscapeLeft UIInterfaceOrientationLandscapeRight";
				INFOPLIST_KEY_UISupportedInterfaceOrientations_iPhone = "UIInterfaceOrientationPortrait UIInterfaceOrientationLandscapeLeft UIInterfaceOrientationLandscapeRight";
				IPHONEOS_DEPLOYMENT_TARGET = 16.0;
				LD_RUNPATH_SEARCH_PATHS = (
					"$(inherited)",
					"@executable_path/Frameworks",
				);
				MARKETING_VERSION = 1.0;
				PRODUCT_BUNDLE_IDENTIFIER = com.aSoft.MovieListSwiftUI;
				PRODUCT_NAME = "$(TARGET_NAME)";
				SWIFT_EMIT_LOC_STRINGS = YES;
				SWIFT_VERSION = 5.0;
				TARGETED_DEVICE_FAMILY = "1,2";
			};
			name = Release;
		};
/* End XCBuildConfiguration section */

/* Begin XCConfigurationList section */
		1ECA77DC2A48914C00672386 /* Build configuration list for PBXProject "MovieListSwiftUI" */ = {
			isa = XCConfigurationList;
			buildConfigurations = (
				1ECA77ED2A48914D00672386 /* Debug */,
				1ECA77EE2A48914D00672386 /* Release */,
			);
			defaultConfigurationIsVisible = 0;
			defaultConfigurationName = Release;
		};
		1ECA77EF2A48914D00672386 /* Build configuration list for PBXNativeTarget "MovieListSwiftUI" */ = {
			isa = XCConfigurationList;
			buildConfigurations = (
				1ECA77F02A48914D00672386 /* Debug */,
				1ECA77F12A48914D00672386 /* Release */,
			);
			defaultConfigurationIsVisible = 0;
			defaultConfigurationName = Release;
		};
/* End XCConfigurationList section */
	};
	rootObject = 1ECA77D92A48914C00672386 /* Project object */;
}
